
Microsoft Visual Studio Solution File, Format Version 12.00
# Visual Studio Version 17
VisualStudioVersion = 17.14.36429.23
MinimumVisualStudioVersion = 10.0.40219.1
Project("{FAE04EC0-301F-11D3-BF4B-00C04F79EFBC}") = "AuraFlow.Domain", "AuraFlow.Domain\AuraFlow.Domain.csproj", "{60665BEA-4D42-433A-B22A-F73339F986D1}"
EndProject
Project("{FAE04EC0-301F-11D3-BF4B-00C04F79EFBC}") = "AuraFlow.Application", "AuraFlow.Application\AuraFlow.Application.csproj", "{6384418A-DA37-424C-9633-3CBA8BD83CAA}"
EndProject
Project("{FAE04EC0-301F-11D3-BF4B-00C04F79EFBC}") = "AuraFlow.Infrastructure", "AuraFlow.Infrastructure\AuraFlow.Infrastructure.csproj", "{435D2DF8-A2EB-41DF-B0EF-2E96A764806F}"
EndProject
Project("{FAE04EC0-301F-11D3-BF4B-00C04F79EFBC}") = "AuraFlow.Backend", "AuraFlow.Backend\AuraFlow.Backend.csproj", "{0FA77EAE-FBD3-42D6-8705-9CBA4F3B966D}"
EndProject
Project("{FAE04EC0-301F-11D3-BF4B-00C04F79EFBC}") = "AuraFlow.WebUI", "AuraFlow.Web\AuraFlow.WebUI.csproj", "{9BB426BB-E13F-4C55-F6CD-0A6317213E4D}"
EndProject
Global
	GlobalSection(SolutionConfigurationPlatforms) = preSolution
		Debug|Any CPU = Debug|Any CPU
		Release|Any CPU = Release|Any CPU
	EndGlobalSection
	GlobalSection(ProjectConfigurationPlatforms) = postSolution
		{60665BEA-4D42-433A-B22A-F73339F986D1}.Debug|Any CPU.ActiveCfg = Debug|Any CPU
		{60665BEA-4D42-433A-B22A-F73339F986D1}.Debug|Any CPU.Build.0 = Debug|Any CPU
		{60665BEA-4D42-433A-B22A-F73339F986D1}.Release|Any CPU.ActiveCfg = Release|Any CPU
		{60665BEA-4D42-433A-B22A-F73339F986D1}.Release|Any CPU.Build.0 = Release|Any CPU
		{6384418A-DA37-424C-9633-3CBA8BD83CAA}.Debug|Any CPU.ActiveCfg = Debug|Any CPU
		{6384418A-DA37-424C-9633-3CBA8BD83CAA}.Debug|Any CPU.Build.0 = Debug|Any CPU
		{6384418A-DA37-424C-9633-3CBA8BD83CAA}.Release|Any CPU.ActiveCfg = Release|Any CPU
		{6384418A-DA37-424C-9633-3CBA8BD83CAA}.Release|Any CPU.Build.0 = Release|Any CPU
		{435D2DF8-A2EB-41DF-B0EF-2E96A764806F}.Debug|Any CPU.ActiveCfg = Debug|Any CPU
		{435D2DF8-A2EB-41DF-B0EF-2E96A764806F}.Debug|Any CPU.Build.0 = Debug|Any CPU
		{435D2DF8-A2EB-41DF-B0EF-2E96A764806F}.Release|Any CPU.ActiveCfg = Release|Any CPU
		{435D2DF8-A2EB-41DF-B0EF-2E96A764806F}.Release|Any CPU.Build.0 = Release|Any CPU
		{0FA77EAE-FBD3-42D6-8705-9CBA4F3B966D}.Debug|Any CPU.ActiveCfg = Debug|Any CPU
		{0FA77EAE-FBD3-42D6-8705-9CBA4F3B966D}.Debug|Any CPU.Build.0 = Debug|Any CPU
		{0FA77EAE-FBD3-42D6-8705-9CBA4F3B966D}.Release|Any CPU.ActiveCfg = Release|Any CPU
		{0FA77EAE-FBD3-42D6-8705-9CBA4F3B966D}.Release|Any CPU.Build.0 = Release|Any CPU
		{9BB426BB-E13F-4C55-F6CD-0A6317213E4D}.Debug|Any CPU.ActiveCfg = Debug|Any CPU
		{9BB426BB-E13F-4C55-F6CD-0A6317213E4D}.Debug|Any CPU.Build.0 = Debug|Any CPU
		{9BB426BB-E13F-4C55-F6CD-0A6317213E4D}.Release|Any CPU.ActiveCfg = Release|Any CPU
		{9BB426BB-E13F-4C55-F6CD-0A6317213E4D}.Release|Any CPU.Build.0 = Release|Any CPU
	EndGlobalSection
	GlobalSection(SolutionProperties) = preSolution
		HideSolutionNode = FALSE
	EndGlobalSection
	GlobalSection(ExtensibilityGlobals) = postSolution
		SolutionGuid = {33E9734D-5F7A-4009-AB2B-B17A7F1843EB}
	EndGlobalSection
EndGlobal
